{
  "meteor": {
    "git": "https://github.com/meteor/meteor.git",
    "branch": "master",
    "commit": "bfe4b72ebec4367eaddcdf0887fcf5e649d9dcb8"
  },
  "dependencies": {
    "basePackages": {
      "meteor-file": {}
    },
    "packages": {
      "meteor-file": {
        "git": "https://github.com/EventedMind/meteor-file.git",
        "tag": "v0.0.4",
        "commit": "2a03c1c85c392c1c1c6688a898a61ee06679a32d"
      }
    }
  }
}
